
Microsoft Visual Studio Solution File, Format Version 12.00
# Visual Studio Version 16
VisualStudioVersion = 16.0.29911.84
MinimumVisualStudioVersion = 10.0.40219.1
Project("{FAE04EC0-301F-11D3-BF4B-00C04F79EFBC}") = "Admin_Launcher", "Admin_Launcher\Admin_Launcher.csproj", "{F0729E8A-3DFF-4637-91F3-BAD3D295CFE0}"
EndProject
Project("{C7167F0D-BC9F-4E6E-AFE1-012C56B48DB5}") = "Admin_Launcher_Package", "Admin_Launcher_Package\Admin_Launcher_Package.wapproj", "{A7D71B1E-5FA0-4A1B-8BEF-ABAC7B535E29}"
EndProject
Global
	GlobalSection(SolutionConfigurationPlatforms) = preSolution
		Debug|Any CPU = Debug|Any CPU
		Debug|ARM = Debug|ARM
		Debug|ARM64 = Debug|ARM64
		Debug|x64 = Debug|x64
		Debug|x86 = Debug|x86
		Release|Any CPU = Release|Any CPU
		Release|ARM = Release|ARM
		Release|ARM64 = Release|ARM64
		Release|x64 = Release|x64
		Release|x86 = Release|x86
	EndGlobalSection
	GlobalSection(ProjectConfigurationPlatforms) = postSolution
		{F0729E8A-3DFF-4637-91F3-BAD3D295CFE0}.Debug|Any CPU.ActiveCfg = Debug|Any CPU
		{F0729E8A-3DFF-4637-91F3-BAD3D295CFE0}.Debug|Any CPU.Build.0 = Debug|Any CPU
		{F0729E8A-3DFF-4637-91F3-BAD3D295CFE0}.Debug|ARM.ActiveCfg = Debug|Any CPU
		{F0729E8A-3DFF-4637-91F3-BAD3D295CFE0}.Debug|ARM.Build.0 = Debug|Any CPU
		{F0729E8A-3DFF-4637-91F3-BAD3D295CFE0}.Debug|ARM64.ActiveCfg = Debug|Any CPU
		{F0729E8A-3DFF-4637-91F3-BAD3D295CFE0}.Debug|ARM64.Build.0 = Debug|Any CPU
		{F0729E8A-3DFF-4637-91F3-BAD3D295CFE0}.Debug|x64.ActiveCfg = Debug|x64
		{F0729E8A-3DFF-4637-91F3-BAD3D295CFE0}.Debug|x64.Build.0 = Debug|x64
		{F0729E8A-3DFF-4637-91F3-BAD3D295CFE0}.Debug|x86.ActiveCfg = Debug|Any CPU
		{F0729E8A-3DFF-4637-91F3-BAD3D295CFE0}.Debug|x86.Build.0 = Debug|Any CPU
		{F0729E8A-3DFF-4637-91F3-BAD3D295CFE0}.Release|Any CPU.ActiveCfg = Release|Any CPU
		{F0729E8A-3DFF-4637-91F3-BAD3D295CFE0}.Release|Any CPU.Build.0 = Release|Any CPU
		{F0729E8A-3DFF-4637-91F3-BAD3D295CFE0}.Release|ARM.ActiveCfg = Release|Any CPU
		{F0729E8A-3DFF-4637-91F3-BAD3D295CFE0}.Release|ARM.Build.0 = Release|Any CPU
		{F0729E8A-3DFF-4637-91F3-BAD3D295CFE0}.Release|ARM64.ActiveCfg = Release|Any CPU
		{F0729E8A-3DFF-4637-91F3-BAD3D295CFE0}.Release|ARM64.Build.0 = Release|Any CPU
		{F0729E8A-3DFF-4637-91F3-BAD3D295CFE0}.Release|x64.ActiveCfg = Release|x64
		{F0729E8A-3DFF-4637-91F3-BAD3D295CFE0}.Release|x64.Build.0 = Release|x64
		{F0729E8A-3DFF-4637-91F3-BAD3D295CFE0}.Release|x86.ActiveCfg = Release|Any CPU
		{F0729E8A-3DFF-4637-91F3-BAD3D295CFE0}.Release|x86.Build.0 = Release|Any CPU
		{A7D71B1E-5FA0-4A1B-8BEF-ABAC7B535E29}.Debug|Any CPU.ActiveCfg = Debug|Any CPU
		{A7D71B1E-5FA0-4A1B-8BEF-ABAC7B535E29}.Debug|Any CPU.Build.0 = Debug|Any CPU
		{A7D71B1E-5FA0-4A1B-8BEF-ABAC7B535E29}.Debug|Any CPU.Deploy.0 = Debug|Any CPU
		{A7D71B1E-5FA0-4A1B-8BEF-ABAC7B535E29}.Debug|ARM.ActiveCfg = Debug|ARM
		{A7D71B1E-5FA0-4A1B-8BEF-ABAC7B535E29}.Debug|ARM.Build.0 = Debug|ARM
		{A7D71B1E-5FA0-4A1B-8BEF-ABAC7B535E29}.Debug|ARM.Deploy.0 = Debug|ARM
		{A7D71B1E-5FA0-4A1B-8BEF-ABAC7B535E29}.Debug|ARM64.ActiveCfg = Debug|ARM64
		{A7D71B1E-5FA0-4A1B-8BEF-ABAC7B535E29}.Debug|ARM64.Build.0 = Debug|ARM64
		{A7D71B1E-5FA0-4A1B-8BEF-ABAC7B535E29}.Debug|ARM64.Deploy.0 = Debug|ARM64
		{A7D71B1E-5FA0-4A1B-8BEF-ABAC7B535E29}.Debug|x64.ActiveCfg = Debug|x64
		{A7D71B1E-5FA0-4A1B-8BEF-ABAC7B535E29}.Debug|x64.Build.0 = Debug|x64
		{A7D71B1E-5FA0-4A1B-8BEF-ABAC7B535E29}.Debug|x64.Deploy.0 = Debug|x64
		{A7D71B1E-5FA0-4A1B-8BEF-ABAC7B535E29}.Debug|x86.ActiveCfg = Debug|x86
		{A7D71B1E-5FA0-4A1B-8BEF-ABAC7B535E29}.Debug|x86.Build.0 = Debug|x86
		{A7D71B1E-5FA0-4A1B-8BEF-ABAC7B535E29}.Debug|x86.Deploy.0 = Debug|x86
		{A7D71B1E-5FA0-4A1B-8BEF-ABAC7B535E29}.Release|Any CPU.ActiveCfg = Release|Any CPU
		{A7D71B1E-5FA0-4A1B-8BEF-ABAC7B535E29}.Release|Any CPU.Build.0 = Release|Any CPU
		{A7D71B1E-5FA0-4A1B-8BEF-ABAC7B535E29}.Release|Any CPU.Deploy.0 = Release|Any CPU
		{A7D71B1E-5FA0-4A1B-8BEF-ABAC7B535E29}.Release|ARM.ActiveCfg = Release|ARM
		{A7D71B1E-5FA0-4A1B-8BEF-ABAC7B535E29}.Release|ARM.Build.0 = Release|ARM
		{A7D71B1E-5FA0-4A1B-8BEF-ABAC7B535E29}.Release|ARM.Deploy.0 = Release|ARM
		{A7D71B1E-5FA0-4A1B-8BEF-ABAC7B535E29}.Release|ARM64.ActiveCfg = Release|ARM64
		{A7D71B1E-5FA0-4A1B-8BEF-ABAC7B535E29}.Release|ARM64.Build.0 = Release|ARM64
		{A7D71B1E-5FA0-4A1B-8BEF-ABAC7B535E29}.Release|ARM64.Deploy.0 = Release|ARM64
		{A7D71B1E-5FA0-4A1B-8BEF-ABAC7B535E29}.Release|x64.ActiveCfg = Release|x64
		{A7D71B1E-5FA0-4A1B-8BEF-ABAC7B535E29}.Release|x64.Build.0 = Release|x64
		{A7D71B1E-5FA0-4A1B-8BEF-ABAC7B535E29}.Release|x64.Deploy.0 = Release|x64
		{A7D71B1E-5FA0-4A1B-8BEF-ABAC7B535E29}.Release|x86.ActiveCfg = Release|x86
		{A7D71B1E-5FA0-4A1B-8BEF-ABAC7B535E29}.Release|x86.Build.0 = Release|x86
		{A7D71B1E-5FA0-4A1B-8BEF-ABAC7B535E29}.Release|x86.Deploy.0 = Release|x86
	EndGlobalSection
	GlobalSection(SolutionProperties) = preSolution
		HideSolutionNode = FALSE
	EndGlobalSection
	GlobalSection(ExtensibilityGlobals) = postSolution
		SolutionGuid = {34D629C7-DF44-4A8A-BC9B-D65C5A226955}
	EndGlobalSection
	GlobalSection(TeamFoundationVersionControl) = preSolution
		SccNumberOfProjects = 3
		SccEnterpriseProvider = {4CA58AB2-18FA-4F8D-95D4-32DDF27D184C}
		SccTeamFoundationServer = https://foundation.icomnetworks.net/tfs/icomnet
		SccLocalPath0 = .
		SccProjectUniqueName1 = Admin_Launcher\\Admin_Launcher.csproj
		SccProjectName1 = Admin_Launcher
		SccLocalPath1 = Admin_Launcher
		SccProjectUniqueName2 = Admin_Launcher_Package\\Admin_Launcher_Package.wapproj
		SccProjectName2 = Admin_Launcher_Package
		SccLocalPath2 = Admin_Launcher_Package
	EndGlobalSection
EndGlobal
